// !$*UTF8*$!
{
	archiveVersion = 1;
	classes = {
	};
	objectVersion = 46;
	objects = {

/* Begin PBXBuildFile section */
		FF638C921CD7DF0D000C66F7 /* ServiceLocator.swift in Sources */ = {isa = PBXBuildFile; fileRef = FF638C911CD7DF0D000C66F7 /* ServiceLocator.swift */; };
		FF638C951CD7DF87000C66F7 /* RMWireframe.swift in Sources */ = {isa = PBXBuildFile; fileRef = FF638C941CD7DF87000C66F7 /* RMWireframe.swift */; };
		FF7F6D5B1CD6AD4B00729F59 /* AppDelegate.swift in Sources */ = {isa = PBXBuildFile; fileRef = FF7F6D5A1CD6AD4B00729F59 /* AppDelegate.swift */; };
		FF7F6D701CD6AD4B00729F59 /* _RMemoryTests.swift in Sources */ = {isa = PBXBuildFile; fileRef = FF7F6D6F1CD6AD4B00729F59 /* _RMemoryTests.swift */; };
		FFC558BB1CD6AE8100F79E9C /* Assets.xcassets in Resources */ = {isa = PBXBuildFile; fileRef = FFC558BA1CD6AE8100F79E9C /* Assets.xcassets */; };
		FFC558C21CD6B1BC00F79E9C /* LaunchScreen.storyboard in Resources */ = {isa = PBXBuildFile; fileRef = FFC558C01CD6B1BC00F79E9C /* LaunchScreen.storyboard */; };
		FFC558C31CD6B1BC00F79E9C /* Main.storyboard in Resources */ = {isa = PBXBuildFile; fileRef = FFC558C11CD6B1BC00F79E9C /* Main.storyboard */; };
		FFC558C51CD6B1F100F79E9C /* RMViewController.swift in Sources */ = {isa = PBXBuildFile; fileRef = FFC558C41CD6B1F100F79E9C /* RMViewController.swift */; };
		FFC558C71CD6B54E00F79E9C /* OneRepetitionMaximum.swift in Sources */ = {isa = PBXBuildFile; fileRef = FFC558C61CD6B54E00F79E9C /* OneRepetitionMaximum.swift */; };
		FFC558C91CD6B91400F79E9C /* RMPresenter.swift in Sources */ = {isa = PBXBuildFile; fileRef = FFC558C81CD6B91400F79E9C /* RMPresenter.swift */; };
/* End PBXBuildFile section */

/* Begin PBXContainerItemProxy section */
		FF7F6D6C1CD6AD4B00729F59 /* PBXContainerItemProxy */ = {
			isa = PBXContainerItemProxy;
			containerPortal = FF7F6D4F1CD6AD4A00729F59 /* Project object */;
			proxyType = 1;
			remoteGlobalIDString = FF7F6D561CD6AD4B00729F59;
			remoteInfo = 1RMemory;
		};
/* End PBXContainerItemProxy section */

/* Begin PBXFileReference section */
		FF638C911CD7DF0D000C66F7 /* ServiceLocator.swift */ = {isa = PBXFileReference; fileEncoding = 4; lastKnownFileType = sourcecode.swift; path = ServiceLocator.swift; sourceTree = "<group>"; };
		FF638C941CD7DF87000C66F7 /* RMWireframe.swift */ = {isa = PBXFileReference; fileEncoding = 4; lastKnownFileType = sourcecode.swift; path = RMWireframe.swift; sourceTree = "<group>"; };
		FF7F6D571CD6AD4B00729F59 /* 1RMemory.app */ = {isa = PBXFileReference; explicitFileType = wrapper.application; includeInIndex = 0; path = 1RMemory.app; sourceTree = BUILT_PRODUCTS_DIR; };
		FF7F6D5A1CD6AD4B00729F59 /* AppDelegate.swift */ = {isa = PBXFileReference; lastKnownFileType = sourcecode.swift; path = AppDelegate.swift; sourceTree = "<group>"; };
		FF7F6D661CD6AD4B00729F59 /* Info.plist */ = {isa = PBXFileReference; lastKnownFileType = text.plist.xml; path = Info.plist; sourceTree = "<group>"; };
		FF7F6D6B1CD6AD4B00729F59 /* 1RMemoryTests.xctest */ = {isa = PBXFileReference; explicitFileType = wrapper.cfbundle; includeInIndex = 0; path = 1RMemoryTests.xctest; sourceTree = BUILT_PRODUCTS_DIR; };
		FF7F6D6F1CD6AD4B00729F59 /* _RMemoryTests.swift */ = {isa = PBXFileReference; lastKnownFileType = sourcecode.swift; path = _RMemoryTests.swift; sourceTree = "<group>"; };
		FF7F6D711CD6AD4B00729F59 /* Info.plist */ = {isa = PBXFileReference; lastKnownFileType = text.plist.xml; path = Info.plist; sourceTree = "<group>"; };
		FFC558BA1CD6AE8100F79E9C /* Assets.xcassets */ = {isa = PBXFileReference; lastKnownFileType = folder.assetcatalog; path = Assets.xcassets; sourceTree = "<group>"; };
		FFC558C01CD6B1BC00F79E9C /* LaunchScreen.storyboard */ = {isa = PBXFileReference; fileEncoding = 4; lastKnownFileType = file.storyboard; path = LaunchScreen.storyboard; sourceTree = "<group>"; };
		FFC558C11CD6B1BC00F79E9C /* Main.storyboard */ = {isa = PBXFileReference; fileEncoding = 4; lastKnownFileType = file.storyboard; path = Main.storyboard; sourceTree = "<group>"; };
		FFC558C41CD6B1F100F79E9C /* RMViewController.swift */ = {isa = PBXFileReference; fileEncoding = 4; lastKnownFileType = sourcecode.swift; path = RMViewController.swift; sourceTree = "<group>"; };
		FFC558C61CD6B54E00F79E9C /* OneRepetitionMaximum.swift */ = {isa = PBXFileReference; fileEncoding = 4; lastKnownFileType = sourcecode.swift; path = OneRepetitionMaximum.swift; sourceTree = "<group>"; };
		FFC558C81CD6B91400F79E9C /* RMPresenter.swift */ = {isa = PBXFileReference; fileEncoding = 4; lastKnownFileType = sourcecode.swift; path = RMPresenter.swift; sourceTree = "<group>"; };
/* End PBXFileReference section */

/* Begin PBXFrameworksBuildPhase section */
		FF7F6D541CD6AD4B00729F59 /* Frameworks */ = {
			isa = PBXFrameworksBuildPhase;
			buildActionMask = 2147483647;
			files = (
			);
			runOnlyForDeploymentPostprocessing = 0;
		};
		FF7F6D681CD6AD4B00729F59 /* Frameworks */ = {
			isa = PBXFrameworksBuildPhase;
			buildActionMask = 2147483647;
			files = (
			);
			runOnlyForDeploymentPostprocessing = 0;
		};
/* End PBXFrameworksBuildPhase section */

/* Begin PBXGroup section */
		FF638C931CD7DF7D000C66F7 /* Wireframe */ = {
			isa = PBXGroup;
			children = (
				FF638C941CD7DF87000C66F7 /* RMWireframe.swift */,
			);
			path = Wireframe;
			sourceTree = "<group>";
		};
		FF7F6D4E1CD6AD4A00729F59 = {
			isa = PBXGroup;
			children = (
				FF7F6D591CD6AD4B00729F59 /* 1RMemory */,
				FF7F6D6E1CD6AD4B00729F59 /* 1RMemoryTests */,
				FF7F6D581CD6AD4B00729F59 /* Products */,
			);
			sourceTree = "<group>";
		};
		FF7F6D581CD6AD4B00729F59 /* Products */ = {
			isa = PBXGroup;
			children = (
				FF7F6D571CD6AD4B00729F59 /* 1RMemory.app */,
				FF7F6D6B1CD6AD4B00729F59 /* 1RMemoryTests.xctest */,
			);
			name = Products;
			sourceTree = "<group>";
		};
		FF7F6D591CD6AD4B00729F59 /* 1RMemory */ = {
			isa = PBXGroup;
			children = (
				FFC558BC1CD6B13D00F79E9C /* Core */,
				FFC558BD1CD6B14600F79E9C /* UI */,
				FFC558B91CD6AE4B00F79E9C /* Resources */,
				FF7F6D5A1CD6AD4B00729F59 /* AppDelegate.swift */,
				FF638C911CD7DF0D000C66F7 /* ServiceLocator.swift */,
				FF7F6D661CD6AD4B00729F59 /* Info.plist */,
			);
			path = 1RMemory;
			sourceTree = "<group>";
		};
		FF7F6D6E1CD6AD4B00729F59 /* 1RMemoryTests */ = {
			isa = PBXGroup;
			children = (
				FF7F6D6F1CD6AD4B00729F59 /* _RMemoryTests.swift */,
				FF7F6D711CD6AD4B00729F59 /* Info.plist */,
			);
			path = 1RMemoryTests;
			sourceTree = "<group>";
		};
		FFC558B91CD6AE4B00F79E9C /* Resources */ = {
			isa = PBXGroup;
			children = (
				FFC558C01CD6B1BC00F79E9C /* LaunchScreen.storyboard */,
				FFC558C11CD6B1BC00F79E9C /* Main.storyboard */,
				FFC558BA1CD6AE8100F79E9C /* Assets.xcassets */,
			);
			path = Resources;
			sourceTree = "<group>";
		};
		FFC558BC1CD6B13D00F79E9C /* Core */ = {
			isa = PBXGroup;
			children = (
				FFC558C61CD6B54E00F79E9C /* OneRepetitionMaximum.swift */,
			);
			path = Core;
			sourceTree = "<group>";
		};
		FFC558BD1CD6B14600F79E9C /* UI */ = {
			isa = PBXGroup;
			children = (
				FF638C931CD7DF7D000C66F7 /* Wireframe */,
				FFC558BE1CD6B17F00F79E9C /* Presenter */,
				FFC558BF1CD6B17F00F79E9C /* View */,
			);
			path = UI;
			sourceTree = "<group>";
		};
		FFC558BE1CD6B17F00F79E9C /* Presenter */ = {
			isa = PBXGroup;
			children = (
				FFC558C81CD6B91400F79E9C /* RMPresenter.swift */,
			);
			path = Presenter;
			sourceTree = "<group>";
		};
		FFC558BF1CD6B17F00F79E9C /* View */ = {
			isa = PBXGroup;
			children = (
				FFC558C41CD6B1F100F79E9C /* RMViewController.swift */,
			);
			path = View;
			sourceTree = "<group>";
		};
/* End PBXGroup section */

/* Begin PBXNativeTarget section */
		FF7F6D561CD6AD4B00729F59 /* 1RMemory */ = {
			isa = PBXNativeTarget;
			buildConfigurationList = FF7F6D741CD6AD4B00729F59 /* Build configuration list for PBXNativeTarget "1RMemory" */;
			buildPhases = (
				FF7F6D531CD6AD4B00729F59 /* Sources */,
				FF7F6D541CD6AD4B00729F59 /* Frameworks */,
				FF7F6D551CD6AD4B00729F59 /* Resources */,
			);
			buildRules = (
			);
			dependencies = (
			);
			name = 1RMemory;
			productName = 1RMemory;
			productReference = FF7F6D571CD6AD4B00729F59 /* 1RMemory.app */;
			productType = "com.apple.product-type.application";
		};
		FF7F6D6A1CD6AD4B00729F59 /* 1RMemoryTests */ = {
			isa = PBXNativeTarget;
			buildConfigurationList = FF7F6D771CD6AD4B00729F59 /* Build configuration list for PBXNativeTarget "1RMemoryTests" */;
			buildPhases = (
				FF7F6D671CD6AD4B00729F59 /* Sources */,
				FF7F6D681CD6AD4B00729F59 /* Frameworks */,
				FF7F6D691CD6AD4B00729F59 /* Resources */,
			);
			buildRules = (
			);
			dependencies = (
				FF7F6D6D1CD6AD4B00729F59 /* PBXTargetDependency */,
			);
			name = 1RMemoryTests;
			productName = 1RMemoryTests;
			productReference = FF7F6D6B1CD6AD4B00729F59 /* 1RMemoryTests.xctest */;
			productType = "com.apple.product-type.bundle.unit-test";
		};
/* End PBXNativeTarget section */

/* Begin PBXProject section */
		FF7F6D4F1CD6AD4A00729F59 /* Project object */ = {
			isa = PBXProject;
			attributes = {
				LastSwiftUpdateCheck = 0730;
				LastUpgradeCheck = 0730;
				ORGANIZATIONNAME = "David Cordero";
				TargetAttributes = {
					FF7F6D561CD6AD4B00729F59 = {
						CreatedOnToolsVersion = 7.3;
						DevelopmentTeam = C3QRL9KEQ4;
					};
					FF7F6D6A1CD6AD4B00729F59 = {
						CreatedOnToolsVersion = 7.3;
						TestTargetID = FF7F6D561CD6AD4B00729F59;
					};
				};
			};
			buildConfigurationList = FF7F6D521CD6AD4A00729F59 /* Build configuration list for PBXProject "1RMemory" */;
			compatibilityVersion = "Xcode 3.2";
			developmentRegion = English;
			hasScannedForEncodings = 0;
			knownRegions = (
				en,
				Base,
			);
			mainGroup = FF7F6D4E1CD6AD4A00729F59;
			productRefGroup = FF7F6D581CD6AD4B00729F59 /* Products */;
			projectDirPath = "";
			projectRoot = "";
			targets = (
				FF7F6D561CD6AD4B00729F59 /* 1RMemory */,
				FF7F6D6A1CD6AD4B00729F59 /* 1RMemoryTests */,
			);
		};
/* End PBXProject section */

/* Begin PBXResourcesBuildPhase section */
		FF7F6D551CD6AD4B00729F59 /* Resources */ = {
			isa = PBXResourcesBuildPhase;
			buildActionMask = 2147483647;
			files = (
				FFC558C31CD6B1BC00F79E9C /* Main.storyboard in Resources */,
				FFC558C21CD6B1BC00F79E9C /* LaunchScreen.storyboard in Resources */,
				FFC558BB1CD6AE8100F79E9C /* Assets.xcassets in Resources */,
			);
			runOnlyForDeploymentPostprocessing = 0;
		};
		FF7F6D691CD6AD4B00729F59 /* Resources */ = {
			isa = PBXResourcesBuildPhase;
			buildActionMask = 2147483647;
			files = (
			);
			runOnlyForDeploymentPostprocessing = 0;
		};
/* End PBXResourcesBuildPhase section */

/* Begin PBXSourcesBuildPhase section */
		FF7F6D531CD6AD4B00729F59 /* Sources */ = {
			isa = PBXSourcesBuildPhase;
			buildActionMask = 2147483647;
			files = (
				FFC558C51CD6B1F100F79E9C /* RMViewController.swift in Sources */,
				FF638C921CD7DF0D000C66F7 /* ServiceLocator.swift in Sources */,
				FFC558C71CD6B54E00F79E9C /* OneRepetitionMaximum.swift in Sources */,
				FF638C951CD7DF87000C66F7 /* RMWireframe.swift in Sources */,
				FF7F6D5B1CD6AD4B00729F59 /* AppDelegate.swift in Sources */,
				FFC558C91CD6B91400F79E9C /* RMPresenter.swift in Sources */,
			);
			runOnlyForDeploymentPostprocessing = 0;
		};
		FF7F6D671CD6AD4B00729F59 /* Sources */ = {
			isa = PBXSourcesBuildPhase;
			buildActionMask = 2147483647;
			files = (
				FF7F6D701CD6AD4B00729F59 /* _RMemoryTests.swift in Sources */,
			);
			runOnlyForDeploymentPostprocessing = 0;
		};
/* End PBXSourcesBuildPhase section */

/* Begin PBXTargetDependency section */
		FF7F6D6D1CD6AD4B00729F59 /* PBXTargetDependency */ = {
			isa = PBXTargetDependency;
			target = FF7F6D561CD6AD4B00729F59 /* 1RMemory */;
			targetProxy = FF7F6D6C1CD6AD4B00729F59 /* PBXContainerItemProxy */;
		};
/* End PBXTargetDependency section */

/* Begin XCBuildConfiguration section */
		FF7F6D721CD6AD4B00729F59 /* Debug */ = {
			isa = XCBuildConfiguration;
			buildSettings = {
				ALWAYS_SEARCH_USER_PATHS = NO;
				CLANG_ANALYZER_NONNULL = YES;
				CLANG_CXX_LANGUAGE_STANDARD = "gnu++0x";
				CLANG_CXX_LIBRARY = "libc++";
				CLANG_ENABLE_MODULES = YES;
				CLANG_ENABLE_OBJC_ARC = YES;
				CLANG_WARN_BOOL_CONVERSION = YES;
				CLANG_WARN_CONSTANT_CONVERSION = YES;
				CLANG_WARN_DIRECT_OBJC_ISA_USAGE = YES_ERROR;
				CLANG_WARN_EMPTY_BODY = YES;
				CLANG_WARN_ENUM_CONVERSION = YES;
				CLANG_WARN_INT_CONVERSION = YES;
				CLANG_WARN_OBJC_ROOT_CLASS = YES_ERROR;
				CLANG_WARN_UNREACHABLE_CODE = YES;
				CLANG_WARN__DUPLICATE_METHOD_MATCH = YES;
				"CODE_SIGN_IDENTITY[sdk=iphoneos*]" = "iPhone Developer";
				COPY_PHASE_STRIP = NO;
				DEBUG_INFORMATION_FORMAT = dwarf;
				ENABLE_STRICT_OBJC_MSGSEND = YES;
				ENABLE_TESTABILITY = YES;
				GCC_C_LANGUAGE_STANDARD = gnu99;
				GCC_DYNAMIC_NO_PIC = NO;
				GCC_NO_COMMON_BLOCKS = YES;
				GCC_OPTIMIZATION_LEVEL = 0;
				GCC_PREPROCESSOR_DEFINITIONS = (
					"DEBUG=1",
					"$(inherited)",
				);
				GCC_WARN_64_TO_32_BIT_CONVERSION = YES;
				GCC_WARN_ABOUT_RETURN_TYPE = YES_ERROR;
				GCC_WARN_UNDECLARED_SELECTOR = YES;
				GCC_WARN_UNINITIALIZED_AUTOS = YES_AGGRESSIVE;
				GCC_WARN_UNUSED_FUNCTION = YES;
				GCC_WARN_UNUSED_VARIABLE = YES;
				IPHONEOS_DEPLOYMENT_TARGET = 9.3;
				MTL_ENABLE_DEBUG_INFO = YES;
				ONLY_ACTIVE_ARCH = YES;
				SDKROOT = iphoneos;
				SWIFT_OPTIMIZATION_LEVEL = "-Onone";
			};
			name = Debug;
		};
		FF7F6D731CD6AD4B00729F59 /* Release */ = {
			isa = XCBuildConfiguration;
			buildSettings = {
				ALWAYS_SEARCH_USER_PATHS = NO;
				CLANG_ANALYZER_NONNULL = YES;
				CLANG_CXX_LANGUAGE_STANDARD = "gnu++0x";
				CLANG_CXX_LIBRARY = "libc++";
				CLANG_ENABLE_MODULES = YES;
				CLANG_ENABLE_OBJC_ARC = YES;
				CLANG_WARN_BOOL_CONVERSION = YES;
				CLANG_WARN_CONSTANT_CONVERSION = YES;
				CLANG_WARN_DIRECT_OBJC_ISA_USAGE = YES_ERROR;
				CLANG_WARN_EMPTY_BODY = YES;
				CLANG_WARN_ENUM_CONVERSION = YES;
				CLANG_WARN_INT_CONVERSION = YES;
				CLANG_WARN_OBJC_ROOT_CLASS = YES_ERROR;
				CLANG_WARN_UNREACHABLE_CODE = YES;
				CLANG_WARN__DUPLICATE_METHOD_MATCH = YES;
				"CODE_SIGN_IDENTITY[sdk=iphoneos*]" = "iPhone Developer";
				COPY_PHASE_STRIP = NO;
				DEBUG_INFORMATION_FORMAT = "dwarf-with-dsym";
				ENABLE_NS_ASSERTIONS = NO;
				ENABLE_STRICT_OBJC_MSGSEND = YES;
				GCC_C_LANGUAGE_STANDARD = gnu99;
				GCC_NO_COMMON_BLOCKS = YES;
				GCC_WARN_64_TO_32_BIT_CONVERSION = YES;
				GCC_WARN_ABOUT_RETURN_TYPE = YES_ERROR;
				GCC_WARN_UNDECLARED_SELECTOR = YES;
				GCC_WARN_UNINITIALIZED_AUTOS = YES_AGGRESSIVE;
				GCC_WARN_UNUSED_FUNCTION = YES;
				GCC_WARN_UNUSED_VARIABLE = YES;
				IPHONEOS_DEPLOYMENT_TARGET = 9.3;
				MTL_ENABLE_DEBUG_INFO = NO;
				SDKROOT = iphoneos;
				VALIDATE_PRODUCT = YES;
			};
			name = Release;
		};
		FF7F6D751CD6AD4B00729F59 /* Debug */ = {
			isa = XCBuildConfiguration;
			buildSettings = {
				ASSETCATALOG_COMPILER_APPICON_NAME = AppIcon;
				CODE_SIGN_IDENTITY = "iPhone Developer";
				INFOPLIST_FILE = 1RMemory/Info.plist;
				LD_RUNPATH_SEARCH_PATHS = "$(inherited) @executable_path/Frameworks";
				PRODUCT_BUNDLE_IDENTIFIER = "dcordero.-RMemory";
				PRODUCT_NAME = "$(TARGET_NAME)";
			};
			name = Debug;
		};
		FF7F6D761CD6AD4B00729F59 /* Release */ = {
			isa = XCBuildConfiguration;
			buildSettings = {
				ASSETCATALOG_COMPILER_APPICON_NAME = AppIcon;
				CODE_SIGN_IDENTITY = "iPhone Developer";
				INFOPLIST_FILE = 1RMemory/Info.plist;
				LD_RUNPATH_SEARCH_PATHS = "$(inherited) @executable_path/Frameworks";
				PRODUCT_BUNDLE_IDENTIFIER = "dcordero.-RMemory";
				PRODUCT_NAME = "$(TARGET_NAME)";
			};
			name = Release;
		};
		FF7F6D781CD6AD4B00729F59 /* Debug */ = {
			isa = XCBuildConfiguration;
			buildSettings = {
				BUNDLE_LOADER = "$(TEST_HOST)";
				INFOPLIST_FILE = 1RMemoryTests/Info.plist;
				LD_RUNPATH_SEARCH_PATHS = "$(inherited) @executable_path/Frameworks @loader_path/Frameworks";
				PRODUCT_BUNDLE_IDENTIFIER = "dcordero.-RMemoryTests";
				PRODUCT_NAME = "$(TARGET_NAME)";
				TEST_HOST = "$(BUILT_PRODUCTS_DIR)/1RMemory.app/1RMemory";
			};
			name = Debug;
		};
		FF7F6D791CD6AD4B00729F59 /* Release */ = {
			isa = XCBuildConfiguration;
			buildSettings = {
				BUNDLE_LOADER = "$(TEST_HOST)";
				INFOPLIST_FILE = 1RMemoryTests/Info.plist;
				LD_RUNPATH_SEARCH_PATHS = "$(inherited) @executable_path/Frameworks @loader_path/Frameworks";
				PRODUCT_BUNDLE_IDENTIFIER = "dcordero.-RMemoryTests";
				PRODUCT_NAME = "$(TARGET_NAME)";
				TEST_HOST = "$(BUILT_PRODUCTS_DIR)/1RMemory.app/1RMemory";
			};
			name = Release;
		};
/* End XCBuildConfiguration section */

/* Begin XCConfigurationList section */
		FF7F6D521CD6AD4A00729F59 /* Build configuration list for PBXProject "1RMemory" */ = {
			isa = XCConfigurationList;
			buildConfigurations = (
				FF7F6D721CD6AD4B00729F59 /* Debug */,
				FF7F6D731CD6AD4B00729F59 /* Release */,
			);
			defaultConfigurationIsVisible = 0;
			defaultConfigurationName = Release;
		};
		FF7F6D741CD6AD4B00729F59 /* Build configuration list for PBXNativeTarget "1RMemory" */ = {
			isa = XCConfigurationList;
			buildConfigurations = (
				FF7F6D751CD6AD4B00729F59 /* Debug */,
				FF7F6D761CD6AD4B00729F59 /* Release */,
			);
			defaultConfigurationIsVisible = 0;
			defaultConfigurationName = Release;
		};
		FF7F6D771CD6AD4B00729F59 /* Build configuration list for PBXNativeTarget "1RMemoryTests" */ = {
			isa = XCConfigurationList;
			buildConfigurations = (
				FF7F6D781CD6AD4B00729F59 /* Debug */,
				FF7F6D791CD6AD4B00729F59 /* Release */,
			);
			defaultConfigurationIsVisible = 0;
			defaultConfigurationName = Release;
		};
/* End XCConfigurationList section */
	};
	rootObject = FF7F6D4F1CD6AD4A00729F59 /* Project object */;
}
